# This file is automatically @generated by Cargo.
# It is not intended for manual editing.
version = 4

[[package]]
name = "cinder-kernel"
version = "0.1.0"

[[package]]
name = "cinder-ports"
version = "0.1.0"

[[package]]
name = "cinder-test-support"
version = "0.1.0"
dependencies = [
 "cinder-kernel",
 "cinder-ports",
]
