# THIS IS AN AUTOGENERATED FILE. DO NOT EDIT THIS FILE DIRECTLY.
# yarn lockfile v1


"@ellipsis-labs/rise@0.4.67":
  version "0.4.67"
  resolved "https://registry.yarnpkg.com/@ellipsis-labs/rise/-/rise-0.4.67.tgz#28db1422bc043157baa15d636fd88327abd177b0"
  integrity sha512-RJKxwa9lJigtBriaMX3vu1W5GtyB+hLxiVtrR1y+mD70Ps9NKKBpfExLLt3+CdeHuA6nXlnvkdNHGU7DfaeC1g==
  dependencies:
    "@noble/hashes" "^2.0.1"
    "@scure/base" "^2.0.0"
    "@solana/kit" "^4.0.0"
    fzstd "^0.1.1"
    xstate "^5.28.0"
    zod "4.4.3"
    zustand "^5.0.12"

"@emnapi/runtime@^1.11.3":
  version "1.11.3"
  resolved "https://registry.yarnpkg.com/@emnapi/runtime/-/runtime-1.11.3.tgz#84257ae3b0531eb2aec1ffa23d70700da007ba95"
  integrity sha512-Xz4Tpyki7XyrpbUK1jR1AhdAdaXyhhY4lZ3neLodmhpuWfy2PAQN5B46sAiU4liOXGLkHypn/qU+jvfWSCYYLA==
  dependencies:
    tslib "^2.4.0"

"@img/colour@^1.1.0":
  version "1.1.0"
  resolved "https://registry.yarnpkg.com/@img/colour/-/colour-1.1.0.tgz#b0c2c2fa661adf75effd6b4964497cd80010bb9d"
  integrity sha512-Td76q7j57o/tLVdgS746cYARfSyxk8iEfRxewL9h4OMzYhbW4TAcppl0mT4eyqXddh6L/jwoM75mo7ixa/pCeQ==

"@img/sharp-darwin-arm64@0.35.4":
  version "0.35.4"
  resolved "https://registry.yarnpkg.com/@img/sharp-darwin-arm64/-/sharp-darwin-arm64-0.35.4.tgz#bc10b262de2fc80088013f5f998298d1c8909fbf"
  integrity sha512-Uhfl4V4lhP2nbUVF9+hyH1+luj86f1gUFeo8ALYxFoULoU+G87D43BfeMP8XHsk9boxAnCY/bf2EHwhA7MuGsA==
  optionalDependencies:
    "@img/sharp-libvips-darwin-arm64" "1.3.3"

"@img/sharp-darwin-x64@0.35.4":
  version "0.35.4"
  resolved "https://registry.yarnpkg.com/@img/sharp-darwin-x64/-/sharp-darwin-x64-0.35.4.tgz#76c49ff04fb3f9d846b0d0575841b7ee59beec68"
  integrity sha512-hWniXY3bG5qKpkKrAwPe4y+VTPmf086YQAnkxWh7uA1YrlRouWGa0M0Mxj3ZjnXFkv7/TD1bTy9lGUK26vRvWw==
  optionalDependencies:
    "@img/sharp-libvips-darwin-x64" "1.3.3"

"@img/sharp-freebsd-wasm32@0.35.4":
  version "0.35.4"
  resolved "https://registry.yarnpkg.com/@img/sharp-freebsd-wasm32/-/sharp-freebsd-wasm32-0.35.4.tgz#ba55fd603c5d1d01a1cb14ffb4d970bc6ced80e1"
  integrity sha512-lIsKw/BU+kjB4eZjxrYrZmwOJYi3Ajrv66iAlBmUPyKc3HpnloevB1g3wxGD9P/5BbQ1brBGl65VRRrCvQDEqA==
  dependencies:
    "@img/sharp-wasm32" "0.35.4"

"@img/sharp-libvips-darwin-arm64@1.3.3":
  version "1.3.3"
  resolved "https://registry.yarnpkg.com/@img/sharp-libvips-darwin-arm64/-/sharp-libvips-darwin-arm64-1.3.3.tgz#08a6cf4fb4ee8d45f99404a569dcaa6b29391d97"
  integrity sha512-suTBPTDGrI9WodccaDdwZItTSaBYASlBk1NSfElSHrUfzu3szG6lvIF58+WiFvnfzuK8ZBFS5zE00PxqxnRiPg==

"@img/sharp-libvips-darwin-x64@1.3.3":
  version "1.3.3"
  resolved "https://registry.yarnpkg.com/@img/sharp-libvips-darwin-x64/-/sharp-libvips-darwin-x64-1.3.3.tgz#1461e6fb310a869b3c13504589b8dd5c06624da8"
  integrity sha512-FVJZ5mITMobmXIz/hPDTw0EintTW5H3WfrxwLqEqjiIihlu+hVRyGrFQ60xl0Lxn7Bt3zdpevPaQi0HEzqz9fw==

"@img/sharp-libvips-linux-arm64@1.3.3":
  version "1.3.3"
  resolved "https://registry.yarnpkg.com/@img/sharp-libvips-linux-arm64/-/sharp-libvips-linux-arm64-1.3.3.tgz#cb938a3971b9a36329bc99427f1e5b72e266ba2e"
  integrity sha512-0DaL0A6Xu6sQSQFwe4iVCrKWU2cCTItnRsYsCdxAMm9NF6twAA9BKnoqy4hqz4+azQ0JHuA26qiUKsf1XJ/v5A==

"@img/sharp-libvips-linux-arm@1.3.3":
  version "1.3.3"
  resolved "https://registry.yarnpkg.com/@img/sharp-libvips-linux-arm/-/sharp-libvips-linux-arm-1.3.3.tgz#71032941b9fcbf8ebc3c1b62949927b844cbad62"
  integrity sha512-3rbU4vqXXc3hY/OiXdl52xZvT0F1yEngWfvqudtPJg/KkyiaQw2DRsFrNzpmLvfavbwOq3qXn36GP8obHRULQA==

"@img/sharp-libvips-linux-ppc64@1.3.3":
  version "1.3.3"
  resolved "https://registry.yarnpkg.com/@img/sharp-libvips-linux-ppc64/-/sharp-libvips-linux-ppc64-1.3.3.tgz#8246d2dec15234fd1cc54cc55dcba1aebc26c414"
  integrity sha512-cdn1OvUBwsXhbC0zSzJnNzf5MZ/mTrobawDvNXBTxe8VtqKAm0sRuEY2Evzovb/w9JMk4TvRxqt1mekSuJz64w==

"@img/sharp-libvips-linux-riscv64@1.3.3":
  version "1.3.3"
  resolved "https://registry.yarnpkg.com/@img/sharp-libvips-linux-riscv64/-/sharp-libvips-linux-riscv64-1.3.3.tgz#59ff663c2aa6b418857357cd77ca4ccaece95876"
  integrity sha512-HjPVx7yKz+0lqdhDlTw1tt90wamBoxhiXpvl1XZpJLiHH4RCJ5yDTqH+VlYPv2fwFs89JFw4c1IexYOcQUi4IQ==

"@img/sharp-libvips-linux-s390x@1.3.3":
  version "1.3.3"
  resolved "https://registry.yarnpkg.com/@img/sharp-libvips-linux-s390x/-/sharp-libvips-linux-s390x-1.3.3.tgz#bc17451f80d9f31663b3e906149f159a0ecb1ca8"
  integrity sha512-neWLh+3yCNThxnfy3c4BbVBeGgt9aftno+XbT56iK28RgeDs3UOFWviLWlUu0bArYVYJaFDK+RRohbicUNCm8Q==

"@img/sharp-libvips-linux-x64@1.3.3":
  version "1.3.3"
  resolved "https://registry.yarnpkg.com/@img/sharp-libvips-linux-x64/-/sharp-libvips-linux-x64-1.3.3.tgz#c7d1f83bc1cfe222cd9dc927f3c5137aa9791e76"
  integrity sha512-4vKmvAst9nrowcqquKFAyZJUDolUaIp8uRiN0mWFguJ1IplC9/pitXtlnnlU4aa/eJw3J7i67V+pwUL+wZGdsA==

"@img/sharp-libvips-linuxmusl-arm64@1.3.3":
  version "1.3.3"
  resolved "https://registry.yarnpkg.com/@img/sharp-libvips-linuxmusl-arm64/-/sharp-libvips-linuxmusl-arm64-1.3.3.tgz#303dfe2a8e6d1fd279ead559f4d2ccff2545e2a2"
  integrity sha512-Y9kQaLMuNoB0bPYOOdcZMaseNrFpPodIWWMrx+CZyydf2xn68j9WYc6sWWRrDwNkzCQjKYfc68L7jKjGlHMibw==

"@img/sharp-libvips-linuxmusl-x64@1.3.3":
  version "1.3.3"
  resolved "https://registry.yarnpkg.com/@img/sharp-libvips-linuxmusl-x64/-/sharp-libvips-linuxmusl-x64-1.3.3.tgz#3750f70ad46ad87e4a08ee8d372ab9a7e17e2b6c"
  integrity sha512-fj8Mv0HHfD1Rr+4I68+3agJynxDWtBFgicTbSOb9Bke6pIwzGcJ+RX/yHjmiEGFMCavY/dxvem7MyNaJF+wDiw==

"@img/sharp-linux-arm64@0.35.4":
  version "0.35.4"
  resolved "https://registry.yarnpkg.com/@img/sharp-linux-arm64/-/sharp-linux-arm64-0.35.4.tgz#c2f53bf913fa1b46762b192c527a2b3647a211a8"
  integrity sha512-De4jpEnAU8Hd5oT0j1G3uL4ZvTuipVMn7YC6vPaJhy6/7EwEae0SVAoBrUMYQbkLGDm85taVWwuPc1a44LTzCQ==
  optionalDependencies:
    "@img/sharp-libvips-linux-arm64" "1.3.3"

"@img/sharp-linux-arm@0.35.4":
  version "0.35.4"
  resolved "https://registry.yarnpkg.com/@img/sharp-linux-arm/-/sharp-linux-arm-0.35.4.tgz#de8da0da2ee552267cae771597332a863378e43b"
  integrity sha512-7OAS8gI0EReKGVN2HssHlM6umJgxF5VI3xN0p9FA91p/YO+ou5hiNghLdZ5BEHztwaaK5+bLKRf8x/o2L2nk9A==
  optionalDependencies:
    "@img/sharp-libvips-linux-arm" "1.3.3"

"@img/sharp-linux-ppc64@0.35.4":
  version "0.35.4"
  resolved "https://registry.yarnpkg.com/@img/sharp-linux-ppc64/-/sharp-linux-ppc64-0.35.4.tgz#c40d7c5f8ce216c35224c58edcef8e6445935256"
  integrity sha512-2oYZJeIl4kCcMGk4ouZVjnkCtFrpQFlNEtJ6GbxzhHQchwH0NH/qEb9ykmOl29dqwMq+JhFdZn+1ak2FKhI9fQ==
  optionalDependencies:
    "@img/sharp-libvips-linux-ppc64" "1.3.3"

"@img/sharp-linux-riscv64@0.35.4":
  version "0.35.4"
  resolved "https://registry.yarnpkg.com/@img/sharp-linux-riscv64/-/sharp-linux-riscv64-0.35.4.tgz#032ca206e713b1179efe0e18d525188c67277730"
  integrity sha512-cPbNChoRURAWdebDIHSenxRpgEdy7JkPydSnUxRm9VvKD7m0/xVaR/8Fzlu81pk5nHEvHH87UZUA7cTtwnbJSA==
  optionalDependencies:
    "@img/sharp-libvips-linux-riscv64" "1.3.3"

"@img/sharp-linux-s390x@0.35.4":
  version "0.35.4"
  resolved "https://registry.yarnpkg.com/@img/sharp-linux-s390x/-/sharp-linux-s390x-0.35.4.tgz#19dac7501a15c8748bc7a11219fca391e424b6d7"
  integrity sha512-RY0JFY8Fd6RonCBtHz+DvadaPkXDSI1AUn6yWL9TipqkZ1vY8w8evqdgyDFnkm4/K1ve1TvZiaePP5oSd4+WVQ==
  optionalDependencies:
    "@img/sharp-libvips-linux-s390x" "1.3.3"

"@img/sharp-linux-x64@0.35.4":
  version "0.35.4"
  resolved "https://registry.yarnpkg.com/@img/sharp-linux-x64/-/sharp-linux-x64-0.35.4.tgz#7d1d414d4a538e0704ba6b76ce6547e60f6211ce"
  integrity sha512-9qvvEAuk8k89TfWUoX2htWjbAMX8p+NxCppjpcg5k6xMsjhBQPTsoIh36h9Qde4WRuGpJeYnOjdosDn/cnv+OA==
  optionalDependencies:
    "@img/sharp-libvips-linux-x64" "1.3.3"

"@img/sharp-linuxmusl-arm64@0.35.4":
  version "0.35.4"
  resolved "https://registry.yarnpkg.com/@img/sharp-linuxmusl-arm64/-/sharp-linuxmusl-arm64-0.35.4.tgz#9534c93807822f4282d079a322facc6db53d50f6"
  integrity sha512-KB5jxpfWQTr0nc3xdHtWChdbifHrBGsd2SM62Eyxrl8afikm+f5qGBU75SJIZBT/S1MC8XyacdlXBMSWq6OURA==
  optionalDependencies:
    "@img/sharp-libvips-linuxmusl-arm64" "1.3.3"

"@img/sharp-linuxmusl-x64@0.35.4":
  version "0.35.4"
  resolved "https://registry.yarnpkg.com/@img/sharp-linuxmusl-x64/-/sharp-linuxmusl-x64-0.35.4.tgz#f488e7a0291991bff643cef82b5afd3cfd70fcf2"
  integrity sha512-f+eZJZIQNEEd26RPSW+76chwOf1XtA2Y/O+5ocVyLliHkeih3e+jhLVBdNTd2rS3IbNXK8+ug93Vf5ZXtF5Lxg==
  optionalDependencies:
    "@img/sharp-libvips-linuxmusl-x64" "1.3.3"

"@img/sharp-wasm32@0.35.4":
  version "0.35.4"
  resolved "https://registry.yarnpkg.com/@img/sharp-wasm32/-/sharp-wasm32-0.35.4.tgz#81f71f3fc0d8447dc3af6cb378e24e758ff54225"
  integrity sha512-zQnl4Kwp7Q6NHsENtU2T/00Zi+w3AQNwz3+UaTyVBy2FpXrzXzGjndpK61onhZjRtRpQXxCTeqw19bVyXOh7jA==
  dependencies:
    "@emnapi/runtime" "^1.11.3"

"@img/sharp-webcontainers-wasm32@0.35.4":
  version "0.35.4"
  resolved "https://registry.yarnpkg.com/@img/sharp-webcontainers-wasm32/-/sharp-webcontainers-wasm32-0.35.4.tgz#77d2e8892d3a3825f0dc95ab02ceb613cb213286"
  integrity sha512-ESfNkywmCfPNyaZjxooddJQiQ+l/nTpGEOGthxiLnIHXC/CmcBixnfwUleX9mCz9ovrUUvKMap/pm8RYbzfwaA==
  dependencies:
    "@img/sharp-wasm32" "0.35.4"

"@img/sharp-win32-arm64@0.35.4":
  version "0.35.4"
  resolved "https://registry.yarnpkg.com/@img/sharp-win32-arm64/-/sharp-win32-arm64-0.35.4.tgz#4101b44e3fb97d6f1a73c2a9c6142d491d1aa831"
  integrity sha512-iNdlBX9gLVvqe2I3uIJSIKTq6wckP/DYxZtcqxm09x5Gi24DnFBmPAWZmr60ZyYMG0xlzo6goG3670ar+RXvRw==

"@img/sharp-win32-ia32@0.35.4":
  version "0.35.4"
  resolved "https://registry.yarnpkg.com/@img/sharp-win32-ia32/-/sharp-win32-ia32-0.35.4.tgz#8d4755bd26d5ff34fb89c7907bd89c080a5dc9f5"
  integrity sha512-kqRsbaa5CS6KHlpxnN7WhE6vAAugXyZButpRdvDWetlv6Qv4N9WTcrWzF7tXfB9T7MsoadqdI8hmwLq6UlLvtw==

"@img/sharp-win32-x64@0.35.4":
  version "0.35.4"
  resolved "https://registry.yarnpkg.com/@img/sharp-win32-x64/-/sharp-win32-x64-0.35.4.tgz#0b67bd0b1f01123a982afcc6ba0dc00b877b8a0a"
  integrity sha512-XtmnYhBcrORsJ4XJngyzr/EWP0hRZLAZRFaApdKuviyqF78+ylxh2y06ZmtULAMOnObJ3ucpN0AcwSWnMowTRg==

"@next/env@16.3.5":
  version "16.3.5"
  resolved "https://registry.yarnpkg.com/@next/env/-/env-16.3.5.tgz#32fd0528a0deb720c139d6d25737b657e6ba57a3"
  integrity sha512-NWEXVDMqoEo0ktmU6u0sE2Vg0LOcsD7NnOTJNo3/fEaTfsg+F1bMIxuDmQbda4e3yTIQwVdUREF2yIuMOusKtg==

"@next/swc-darwin-arm64@16.3.5":
  version "16.3.5"
  resolved "https://registry.yarnpkg.com/@next/swc-darwin-arm64/-/swc-darwin-arm64-16.3.5.tgz#b26702b62cb8c90f481d9afddff8e78a33f2d322"
  integrity sha512-pMmGgETfKvElucLHtVaeiMRbp2zUbvKx7b1yGko0liBz3cw1mKSggWN/Rp/wPz8z+E1O82u3r4L1Co+ZS5hokQ==

"@next/swc-darwin-x64@16.3.5":
  version "16.3.5"
  resolved "https://registry.yarnpkg.com/@next/swc-darwin-x64/-/swc-darwin-x64-16.3.5.tgz#ed3a7b1f4ab757f03d306f21d187b951107c4940"
  integrity sha512-76VaGYvf6HPa5/w12yLkE3dXTn9AfdEviI79oEL3aZoAmRLc9rWitjWqyjViVysK/ht/y9YKzFkBrUdi/wGkow==

"@next/swc-linux-arm64-gnu@16.3.5":
  version "16.3.5"
  resolved "https://registry.yarnpkg.com/@next/swc-linux-arm64-gnu/-/swc-linux-arm64-gnu-16.3.5.tgz#c116c0edc9da69e286b1cf1fc7d55601de1f7362"
  integrity sha512-zKDELJ5jSQMHeO/hmXUQsAzagX4bQD4OiMi3pQ5FbUj+yK506oLVHnKA2YXMlbg1EHHqJYtyePOgByIDXD1lqw==

"@next/swc-linux-arm64-musl@16.3.5":
  version "16.3.5"
  resolved "https://registry.yarnpkg.com/@next/swc-linux-arm64-musl/-/swc-linux-arm64-musl-16.3.5.tgz#dc9902a8c4bec1ba3d3a6af294e288f54c12e34c"
  integrity sha512-7Vql0pgzCoHagv6+FNOZoqmJqA52c6zeVbhtS/47qFozO1MSx4ms7x7GHiciY8R5CDsSMKMQjJEryoJLcsBIbA==

"@next/swc-linux-x64-gnu@16.3.5":
  version "16.3.5"
  resolved "https://registry.yarnpkg.com/@next/swc-linux-x64-gnu/-/swc-linux-x64-gnu-16.3.5.tgz#c092cb89504ac782edb42b253195a73dcfaf2251"
  integrity sha512-NH/xzehyHEFWE2nlcZon7TB/0+H4shfWCi7S1zka815XCOhJDYZhoeJtOYy0dh0WVRWACVXSyGNFFytoMxUhRg==

"@next/swc-linux-x64-musl@16.3.5":
  version "16.3.5"
  resolved "https://registry.yarnpkg.com/@next/swc-linux-x64-musl/-/swc-linux-x64-musl-16.3.5.tgz#22e553dee247026244d486d311efd07e4986f9af"
  integrity sha512-lV4+EhWMfS8jcC+EH2nn/Cm5cn6XsgbE07bU9tMH8fCo0tNAqhyzi1b5wQ/Tn6NGFTvKDY65w3ZH95EjwBRAnQ==

"@next/swc-win32-arm64-msvc@16.3.5":
  version "16.3.5"
  resolved "https://registry.yarnpkg.com/@next/swc-win32-arm64-msvc/-/swc-win32-arm64-msvc-16.3.5.tgz#22fb04be07b602f475b7e4ec7e4b3940551ff749"
  integrity sha512-/wKzAREX2RF++MhicjDbg8tGn2AiBIM0+EFeTFKoUEUbW5D6amCJehd5Z5G1H5/gxNdgnwoXMcHz24H/c2tGkQ==

"@next/swc-win32-x64-msvc@16.3.5":
  version "16.3.5"
  resolved "https://registry.yarnpkg.com/@next/swc-win32-x64-msvc/-/swc-win32-x64-msvc-16.3.5.tgz#e137de36cddf64742f739ccb9092c4bcd48d2683"
  integrity sha512-LNdCHzgLFc+UeqMS84LzXPaeBRKyqDN9OMyFAr1OrB0XrNw78IRrEVtZvvA7245W/HsaoeVOQX9jPjPk8jojwA==

"@noble/hashes@^2.0.1":
  version "2.4.0"
  resolved "https://registry.yarnpkg.com/@noble/hashes/-/hashes-2.4.0.tgz#e6a3e98edbed3c8659b28bb8f9b18ca02ec8ea4b"
  integrity sha512-X5XaVWZIBCT7HHZGm5I7ZQXDwLG+bGXuSrMQAW+7Zvl87h1kmc1ZB1VSRJcpUfoUrGQp4Fkoxm5kZ+Ms+aW+eA==

"@scure/base@^2.0.0":
  version "2.4.0"
  resolved "https://registry.yarnpkg.com/@scure/base/-/base-2.4.0.tgz#61e4ed7d4447afc247f2bff9aeb8fca53267db86"
  integrity sha512-thZ1TuJwFwBblOhgsjDKvvGirBxNp+wSvY/DR6tJBJOTDhdAAcHJ8Vbr2eFnqaxeca4+t0i9KBf+uHYGWwZORg==

"@solana/accounts@4.0.0":
  version "4.0.0"
  resolved "https://registry.yarnpkg.com/@solana/accounts/-/accounts-4.0.0.tgz#55b3b2a9186aceb444872adcde76786c0c40dc1e"
  integrity sha512-fxTtTk7PCJrigdzqhkc0eZYACVZpONKJZy4MkGvZzx5tCC7rUeDJvzau3IYACUCRaaAGPpkINHwYtp8weKsn8w==
  dependencies:
    "@solana/addresses" "4.0.0"
    "@solana/codecs-core" "4.0.0"
    "@solana/codecs-strings" "4.0.0"
    "@solana/errors" "4.0.0"
    "@solana/rpc-spec" "4.0.0"
    "@solana/rpc-types" "4.0.0"

"@solana/addresses@4.0.0":
  version "4.0.0"
  resolved "https://registry.yarnpkg.com/@solana/addresses/-/addresses-4.0.0.tgz#cd836e473ecdd286d5787401f16193ca5725b39e"
  integrity sha512-1OS4nU0HFZxHRxgUb6A72Qg0QbIz6Vu2AbB0j/YSxN4EI+S2BftA83Y6uXhTFDQjKuA+MtHjxe6edB3cs1Pqxw==
  dependencies:
    "@solana/assertions" "4.0.0"
    "@solana/codecs-core" "4.0.0"
    "@solana/codecs-strings" "4.0.0"
    "@solana/errors" "4.0.0"
    "@solana/nominal-types" "4.0.0"

"@solana/assertions@4.0.0":
  version "4.0.0"
  resolved "https://registry.yarnpkg.com/@solana/assertions/-/assertions-4.0.0.tgz#ec863ea412a66edb1a97ef789e694439fd4ee679"
  integrity sha512-QwtImPVM5JLEWOFpvHh+eKdvmxdNP6PW8FkmFFEVYR6VFDaZD/hbmSJlwt5p3L69sVmxJA0ughYgD/kkHM7fbg==
  dependencies:
    "@solana/errors" "4.0.0"

"@solana/codecs-core@4.0.0":
  version "4.0.0"
  resolved "https://registry.yarnpkg.com/@solana/codecs-core/-/codecs-core-4.0.0.tgz#0668b964df5a3e278ff276b5aa812bd739e29510"
  integrity sha512-28kNUsyIlhU3MO3/7ZLDqeJf2YAm32B4tnTjl5A9HrbBqsTZ+upT/RzxZGP1MMm7jnPuIKCMwmTpsyqyR6IUpw==
  dependencies:
    "@solana/errors" "4.0.0"

"@solana/codecs-data-structures@4.0.0":
  version "4.0.0"
  resolved "https://registry.yarnpkg.com/@solana/codecs-data-structures/-/codecs-data-structures-4.0.0.tgz#8e60f68f26ae7dac5c88d4f5684c4c5ce7d6db62"
  integrity sha512-pvh+Oxz6UIbWxcgwvVwMJIV4nvZn3EHL5ZvCIPClE5Ep8K5sJ8RoRvOohqLcIv9LYn/EZNoXpCodREX/OYpsGw==
  dependencies:
    "@solana/codecs-core" "4.0.0"
    "@solana/codecs-numbers" "4.0.0"
    "@solana/errors" "4.0.0"

"@solana/codecs-numbers@4.0.0":
  version "4.0.0"
  resolved "https://registry.yarnpkg.com/@solana/codecs-numbers/-/codecs-numbers-4.0.0.tgz#fc5c451ff2f1ca1e3a13cf85230e768a47b9a788"
  integrity sha512-z9zpjtcwzqT9rbkKVZpkWB5/0V7+6YRKs6BccHkGJlaDx8Pe/+XOvPi2rEdXPqrPd9QWb5Xp1iBfcgaDMyiOiA==
  dependencies:
    "@solana/codecs-core" "4.0.0"
    "@solana/errors" "4.0.0"

"@solana/codecs-strings@4.0.0":
  version "4.0.0"
  resolved "https://registry.yarnpkg.com/@solana/codecs-strings/-/codecs-strings-4.0.0.tgz#b4c77d6ff6eeec868a71e5b0cb42bdb9f0c6b500"
  integrity sha512-XvyD+sQ1zyA0amfxbpoFZsucLoe+yASQtDiLUGMDg5TZ82IHE3B7n82jE8d8cTAqi0HgqQiwU13snPhvg1O0Ow==
  dependencies:
    "@solana/codecs-core" "4.0.0"
    "@solana/codecs-numbers" "4.0.0"
    "@solana/errors" "4.0.0"

"@solana/codecs@4.0.0":
  version "4.0.0"
  resolved "https://registry.yarnpkg.com/@solana/codecs/-/codecs-4.0.0.tgz#211235fd56fa60f5d96b88b14d7317bf6d88535b"
  integrity sha512-qh+Le1u9QBDPubqUrFU5BGX3Kyj7x0viO6z2SUuM0CSqYUvwE7w724LXwDA9QoEL5JkED1rB3bQg4M0bDrABpA==
  dependencies:
    "@solana/codecs-core" "4.0.0"
    "@solana/codecs-data-structures" "4.0.0"
    "@solana/codecs-numbers" "4.0.0"
    "@solana/codecs-strings" "4.0.0"
    "@solana/options" "4.0.0"

"@solana/errors@4.0.0":
  version "4.0.0"
  resolved "https://registry.yarnpkg.com/@solana/errors/-/errors-4.0.0.tgz#7fa9e8b69c4a199acab1b863b234be69772b1914"
  integrity sha512-3YEtvcMvtcnTl4HahqLt0VnaGVf7vVWOnt6/uPky5e0qV6BlxDSbGkbBzttNjxLXHognV0AQi3pjvrtfUnZmbg==
  dependencies:
    chalk "5.6.2"
    commander "14.0.1"

"@solana/fast-stable-stringify@4.0.0":
  version "4.0.0"
  resolved "https://registry.yarnpkg.com/@solana/fast-stable-stringify/-/fast-stable-stringify-4.0.0.tgz#ecba09686fdd3a6a6dd1e41be3395d2bb6dd583e"
  integrity sha512-sNJRi0RQ93vkGQ9VyFTSGm6mfKLk0FWOFpJLcqyP0BNUK1CugBaUMnxAmGqNaVSCktJagTSLqAMi9k1VSdh+Cg==

"@solana/functional@4.0.0":
  version "4.0.0"
  resolved "https://registry.yarnpkg.com/@solana/functional/-/functional-4.0.0.tgz#157febe2cb837b7272956794853ba80b5315da22"
  integrity sha512-duprxASuT0VXlHj3bLBdy9+ZpqdmCZhzCUmTsXps4UlDKr9PxSCQIQ+NK6OPhtBWOh1sNEcT1f1nY/MVqF/KHg==

"@solana/instruction-plans@4.0.0":
  version "4.0.0"
  resolved "https://registry.yarnpkg.com/@solana/instruction-plans/-/instruction-plans-4.0.0.tgz#38a4021eb99b9136204d77b84d579740cd94a979"
  integrity sha512-FcyptPR5XmKoj1EyF9xARiqy2BuF+CfrIxTU0WQn5Tix/y7whKYz5CCFtBlWbwIcGxQftmG5tAlcidgnCb7jVw==
  dependencies:
    "@solana/errors" "4.0.0"
    "@solana/instructions" "4.0.0"
    "@solana/promises" "4.0.0"
    "@solana/transaction-messages" "4.0.0"
    "@solana/transactions" "4.0.0"

"@solana/instructions@4.0.0":
  version "4.0.0"
  resolved "https://registry.yarnpkg.com/@solana/instructions/-/instructions-4.0.0.tgz#989c3ad30de9e3c52a8a7a094964b4500b1a717e"
  integrity sha512-/Lf3E+6mhe6EL7a3+9FY020yq71lVNgueplJGr221b4wP6ykwPVtoaAiNf+lIrRRYkW8DC81auhmjd2DYpND1w==
  dependencies:
    "@solana/codecs-core" "4.0.0"
    "@solana/errors" "4.0.0"

"@solana/keys@4.0.0":
  version "4.0.0"
  resolved "https://registry.yarnpkg.com/@solana/keys/-/keys-4.0.0.tgz#12c39db588115beaf13648b778bcdb1acfe09052"
  integrity sha512-aPz+LF9QK3EHjuklYBnnalcLVHUNz5s4m4DXNVGAtjJD7Q9zEu2dBUm9mRKwlLbQibNOEGa1m86HCjcboqXdjg==
  dependencies:
    "@solana/assertions" "4.0.0"
    "@solana/codecs-core" "4.0.0"
    "@solana/codecs-strings" "4.0.0"
    "@solana/errors" "4.0.0"
    "@solana/nominal-types" "4.0.0"

"@solana/kit@^4.0.0":
  version "4.0.0"
  resolved "https://registry.yarnpkg.com/@solana/kit/-/kit-4.0.0.tgz#741cf567426e88c194dfd27ef2616d261f6ff7b9"
  integrity sha512-5c4qMRL+ciWewEtNZ2gX4wf4VpscZYXbWnU2kBiyQhWiqj8zzFIh6iCHbqMX/Myx3pOHfQs/m/iQCnQHPOag9Q==
  dependencies:
    "@solana/accounts" "4.0.0"
    "@solana/addresses" "4.0.0"
    "@solana/codecs" "4.0.0"
    "@solana/errors" "4.0.0"
    "@solana/functional" "4.0.0"
    "@solana/instruction-plans" "4.0.0"
    "@solana/instructions" "4.0.0"
    "@solana/keys" "4.0.0"
    "@solana/programs" "4.0.0"
    "@solana/rpc" "4.0.0"
    "@solana/rpc-parsed-types" "4.0.0"
    "@solana/rpc-spec-types" "4.0.0"
    "@solana/rpc-subscriptions" "4.0.0"
    "@solana/rpc-types" "4.0.0"
    "@solana/signers" "4.0.0"
    "@solana/sysvars" "4.0.0"
    "@solana/transaction-confirmation" "4.0.0"
    "@solana/transaction-messages" "4.0.0"
    "@solana/transactions" "4.0.0"

"@solana/nominal-types@4.0.0":
  version "4.0.0"
  resolved "https://registry.yarnpkg.com/@solana/nominal-types/-/nominal-types-4.0.0.tgz#0ba8f10ef7c1de4b12c0781d44805d8984a17c18"
  integrity sha512-zIjHZY+5uboigbzsNhHmF3AlP/xACYxbB0Cb1VAI9i+eFShMeu/3VIrj7x1vbq9hfQKGSFHNFGFqQTivdzpbLw==

"@solana/options@4.0.0":
  version "4.0.0"
  resolved "https://registry.yarnpkg.com/@solana/options/-/options-4.0.0.tgz#a66a7c9211d1257037551afd470b7a4380f8efcc"
  integrity sha512-QTjBh24a34At66mGfs0lVF1voug1KnA13IZkvcVPr52zFb90+xYiqYeKiICTaf3HkoeoKG+TC2Q0K64+se0+CQ==
  dependencies:
    "@solana/codecs-core" "4.0.0"
    "@solana/codecs-data-structures" "4.0.0"
    "@solana/codecs-numbers" "4.0.0"
    "@solana/codecs-strings" "4.0.0"
    "@solana/errors" "4.0.0"

"@solana/programs@4.0.0":
  version "4.0.0"
  resolved "https://registry.yarnpkg.com/@solana/programs/-/programs-4.0.0.tgz#473c3614c5079f0a9dfd73ec46a684a1c389b33d"
  integrity sha512-tJCNoKyDKfipGTsQtUO6R9EXk4l4ai+gYuD2R3NubJgMaLPBqIv3IMSCeDSvhuSCDuN2lQ1mLkQrDnE3lm0/iQ==
  dependencies:
    "@solana/addresses" "4.0.0"
    "@solana/errors" "4.0.0"

"@solana/promises@4.0.0":
  version "4.0.0"
  resolved "https://registry.yarnpkg.com/@solana/promises/-/promises-4.0.0.tgz#0ebf2dede764be71aa708479f6c4371ee58f76da"
  integrity sha512-zEh815+n2OrrQunZ6m1iuNcoZRc9YnQaTeivBSgl1SYfPaq/Qj/rRiK5DID25Njo4L44p5quu7aal3Bk/eR+tQ==

"@solana/rpc-api@4.0.0":
  version "4.0.0"
  resolved "https://registry.yarnpkg.com/@solana/rpc-api/-/rpc-api-4.0.0.tgz#872bcd276befe0d9b69b66d73e7fe43219b9779e"
  integrity sha512-nfQkTJCIW3qzUDRrhvr9MBm9jKQ+dZn4ypK35UDPrV+QB5Gc9UmPJ6prvpPtDq8WoU7wqUzswKeY3k7qtgYjEg==
  dependencies:
    "@solana/addresses" "4.0.0"
    "@solana/codecs-core" "4.0.0"
    "@solana/codecs-strings" "4.0.0"
    "@solana/errors" "4.0.0"
    "@solana/keys" "4.0.0"
    "@solana/rpc-parsed-types" "4.0.0"
    "@solana/rpc-spec" "4.0.0"
    "@solana/rpc-transformers" "4.0.0"
    "@solana/rpc-types" "4.0.0"
    "@solana/transaction-messages" "4.0.0"
    "@solana/transactions" "4.0.0"

"@solana/rpc-parsed-types@4.0.0":
  version "4.0.0"
  resolved "https://registry.yarnpkg.com/@solana/rpc-parsed-types/-/rpc-parsed-types-4.0.0.tgz#2a328092e53cce00d647f21da2a72bbae4d124f5"
  integrity sha512-aOjwJwen5D0aDXoSths+ekdBO4mu7nmM+yASqCVW2PLN6v7NZmRBzV1/PgMFjDTiymVQj25ipCUvL395s1wsKg==

"@solana/rpc-spec-types@4.0.0":
  version "4.0.0"
  resolved "https://registry.yarnpkg.com/@solana/rpc-spec-types/-/rpc-spec-types-4.0.0.tgz#8e9450b73aa5a4a187c3f59335bcfda94321f880"
  integrity sha512-rpFMIaetpubeyDXIlxV08vtmiDt7ME9527kCI61slHj6O2rbj+7fABhmlN6J4YDCcL/kfnMCxZyNna94DovHZA==

"@solana/rpc-spec@4.0.0":
  version "4.0.0"
  resolved "https://registry.yarnpkg.com/@solana/rpc-spec/-/rpc-spec-4.0.0.tgz#b4e1f48246286556978d2088980476815f37eea2"
  integrity sha512-9PFTFWjdgA/KFG4rgzbgA7gm9+aRDwsRJgI1aP7n3dGsGzYUp8vNgRQBhogWscEOETkgZNlsi/artLxgvHEHEg==
  dependencies:
    "@solana/errors" "4.0.0"
    "@solana/rpc-spec-types" "4.0.0"

"@solana/rpc-subscriptions-api@4.0.0":
  version "4.0.0"
  resolved "https://registry.yarnpkg.com/@solana/rpc-subscriptions-api/-/rpc-subscriptions-api-4.0.0.tgz#fb470cdc83afd696cec06694211340b7737ddf44"
  integrity sha512-6/MzQT9VkcD7Rh8ExoGdbERTSEubA5eI+Q0R9FRuujl/SIy2BsWaNxaBMuZS0DFmKbIHM+m1ptUFdjKAVjGQuw==
  dependencies:
    "@solana/addresses" "4.0.0"
    "@solana/keys" "4.0.0"
    "@solana/rpc-subscriptions-spec" "4.0.0"
    "@solana/rpc-transformers" "4.0.0"
    "@solana/rpc-types" "4.0.0"
    "@solana/transaction-messages" "4.0.0"
    "@solana/transactions" "4.0.0"

"@solana/rpc-subscriptions-channel-websocket@4.0.0":
  version "4.0.0"
  resolved "https://registry.yarnpkg.com/@solana/rpc-subscriptions-channel-websocket/-/rpc-subscriptions-channel-websocket-4.0.0.tgz#4abe9919b8a0f5de62b7073ba2d696cf812d8f7e"
  integrity sha512-dc4cGfkQJEdkux/CXpItffuytnSU6wktReHEBL+2xaYmF+yGMBeBLzTvkCJ9BbGGfBMf06c5y5QH8X48W5CJdg==
  dependencies:
    "@solana/errors" "4.0.0"
    "@solana/functional" "4.0.0"
    "@solana/rpc-subscriptions-spec" "4.0.0"
    "@solana/subscribable" "4.0.0"

"@solana/rpc-subscriptions-spec@4.0.0":
  version "4.0.0"
  resolved "https://registry.yarnpkg.com/@solana/rpc-subscriptions-spec/-/rpc-subscriptions-spec-4.0.0.tgz#8b5aa7814378287250071352334ef4a415a133b1"
  integrity sha512-2ROfFymoy/TjDAlEPpsmSQAr6LZwG4l/UIhkW7+/VraRu7QPAycuWfSopJnG8D7F3fksICFSeQNwwgBXTN1TWA==
  dependencies:
    "@solana/errors" "4.0.0"
    "@solana/promises" "4.0.0"
    "@solana/rpc-spec-types" "4.0.0"
    "@solana/subscribable" "4.0.0"

"@solana/rpc-subscriptions@4.0.0":
  version "4.0.0"
  resolved "https://registry.yarnpkg.com/@solana/rpc-subscriptions/-/rpc-subscriptions-4.0.0.tgz#e91dfdb6bdf1c0e9ae7a8f7d91937c543932f822"
  integrity sha512-rM+R4Xpsym0tYF3sGAEpdY+D+c6fOMk/fhCEewR+veqdubRfvI5QEhq4kHs8qdKKuRbcpGmedPC306H+PQ6Hmg==
  dependencies:
    "@solana/errors" "4.0.0"
    "@solana/fast-stable-stringify" "4.0.0"
    "@solana/functional" "4.0.0"
    "@solana/promises" "4.0.0"
    "@solana/rpc-spec-types" "4.0.0"
    "@solana/rpc-subscriptions-api" "4.0.0"
    "@solana/rpc-subscriptions-channel-websocket" "4.0.0"
    "@solana/rpc-subscriptions-spec" "4.0.0"
    "@solana/rpc-transformers" "4.0.0"
    "@solana/rpc-types" "4.0.0"
    "@solana/subscribable" "4.0.0"

"@solana/rpc-transformers@4.0.0":
  version "4.0.0"
  resolved "https://registry.yarnpkg.com/@solana/rpc-transformers/-/rpc-transformers-4.0.0.tgz#6ef729305c4a2532246fcb3bbd078bcda8bfd640"
  integrity sha512-3B3C9zpqN2O76CJV9tethtybMFdT2ViN5b2u8sObftGNFqxPmjt7XmbOmPdn7zwLyRM5S2RuZShzfcVJpBf+yQ==
  dependencies:
    "@solana/errors" "4.0.0"
    "@solana/functional" "4.0.0"
    "@solana/nominal-types" "4.0.0"
    "@solana/rpc-spec-types" "4.0.0"
    "@solana/rpc-types" "4.0.0"

"@solana/rpc-transport-http@4.0.0":
  version "4.0.0"
  resolved "https://registry.yarnpkg.com/@solana/rpc-transport-http/-/rpc-transport-http-4.0.0.tgz#047b7c5915a5cc32fdb8da57db5991dd5897ba38"
  integrity sha512-RjXcQehF3wHm8eoIala+MrdmS3mDSPRl+xwEWzmA1QmBdQl44/XTNOdPJvNkqWXrzE+bAsZGfn0gVua/oCC+zQ==
  dependencies:
    "@solana/errors" "4.0.0"
    "@solana/rpc-spec" "4.0.0"
    "@solana/rpc-spec-types" "4.0.0"
    undici-types "^7.16.0"

"@solana/rpc-types@4.0.0":
  version "4.0.0"
  resolved "https://registry.yarnpkg.com/@solana/rpc-types/-/rpc-types-4.0.0.tgz#23eaeb262faaa92ae0a151db65ee4b592dd598c9"
  integrity sha512-mY4W6DQVaLf3M8hSSzIEtaRsVgLg9zv5qdjjYvxkALw0fzjkLW55h3ctGbJ/k+dNpYm9gcKg7zatA7eBNnNmtQ==
  dependencies:
    "@solana/addresses" "4.0.0"
    "@solana/codecs-core" "4.0.0"
    "@solana/codecs-numbers" "4.0.0"
    "@solana/codecs-strings" "4.0.0"
    "@solana/errors" "4.0.0"
    "@solana/nominal-types" "4.0.0"

"@solana/rpc@4.0.0":
  version "4.0.0"
  resolved "https://registry.yarnpkg.com/@solana/rpc/-/rpc-4.0.0.tgz#e70cea2943b3dac2631f67154ad4bbc03f3d34fd"
  integrity sha512-KF91ghi7P48aeWd4eSY5Fly/ioYz9ww2loQd/YqV3eLQwo3/2HUWd6r6lpSHsLh/HUoUkm+EsYmVN8r/3mE5fg==
  dependencies:
    "@solana/errors" "4.0.0"
    "@solana/fast-stable-stringify" "4.0.0"
    "@solana/functional" "4.0.0"
    "@solana/rpc-api" "4.0.0"
    "@solana/rpc-spec" "4.0.0"
    "@solana/rpc-spec-types" "4.0.0"
    "@solana/rpc-transformers" "4.0.0"
    "@solana/rpc-transport-http" "4.0.0"
    "@solana/rpc-types" "4.0.0"

"@solana/signers@4.0.0":
  version "4.0.0"
  resolved "https://registry.yarnpkg.com/@solana/signers/-/signers-4.0.0.tgz#771e6188129394a0591f2d688c8132f8af933217"
  integrity sha512-r3ZrltruadsQXmx3fsGOSqAZ3SsgD7zq/QB8sT6IOVcg11Pgdvx48/CEv7djdy44wF4HVpqNCZLfi12EhoaSXQ==
  dependencies:
    "@solana/addresses" "4.0.0"
    "@solana/codecs-core" "4.0.0"
    "@solana/errors" "4.0.0"
    "@solana/instructions" "4.0.0"
    "@solana/keys" "4.0.0"
    "@solana/nominal-types" "4.0.0"
    "@solana/transaction-messages" "4.0.0"
    "@solana/transactions" "4.0.0"

"@solana/subscribable@4.0.0":
  version "4.0.0"
  resolved "https://registry.yarnpkg.com/@solana/subscribable/-/subscribable-4.0.0.tgz#bb1ce2d36a1051ed639b1c792ae457ec388d9c46"
  integrity sha512-lDI4HkDuGkmdnX7hSgvJsFFadkQxt0pLHIpZTxOt7/6KBDtNs63NTwJGd3d/EuA7ReXwYg5HDG0QtOm64divXQ==
  dependencies:
    "@solana/errors" "4.0.0"

"@solana/sysvars@4.0.0":
  version "4.0.0"
  resolved "https://registry.yarnpkg.com/@solana/sysvars/-/sysvars-4.0.0.tgz#25ff5a6d6a163b88f3af5bcbab6001609ff248ab"
  integrity sha512-HUu2B8P7iRYWAt1KL/5a6nNTKp73y04cSxZ9PZf2Ap1/KE0/5D8WnkEfnurUQmU3zBner95d+szNOyWMNBOoTw==
  dependencies:
    "@solana/accounts" "4.0.0"
    "@solana/codecs" "4.0.0"
    "@solana/errors" "4.0.0"
    "@solana/rpc-types" "4.0.0"

"@solana/transaction-confirmation@4.0.0":
  version "4.0.0"
  resolved "https://registry.yarnpkg.com/@solana/transaction-confirmation/-/transaction-confirmation-4.0.0.tgz#cb6256ba7fc4cf156a2d51563fc8f8ad644fc2ba"
  integrity sha512-DTBIMB5/UCOpVyL5E0xwswtxs/PGeSD1VL5+C1UCPlggpZNIOlhZoaQqFO56wrJDFASzPMx+dakda5BUuhQkBg==
  dependencies:
    "@solana/addresses" "4.0.0"
    "@solana/codecs-strings" "4.0.0"
    "@solana/errors" "4.0.0"
    "@solana/keys" "4.0.0"
    "@solana/promises" "4.0.0"
    "@solana/rpc" "4.0.0"
    "@solana/rpc-subscriptions" "4.0.0"
    "@solana/rpc-types" "4.0.0"
    "@solana/transaction-messages" "4.0.0"
    "@solana/transactions" "4.0.0"

"@solana/transaction-messages@4.0.0":
  version "4.0.0"
  resolved "https://registry.yarnpkg.com/@solana/transaction-messages/-/transaction-messages-4.0.0.tgz#ab28f345d6d0e7e8e0a63e23773c440ae2a46843"
  integrity sha512-rQo0rRyvkrROFZHUT0uL3vqeBBtxTsNKDtx8pZo6BC3TgGA7V1MoSC3rVOLwYCK6rK5NJZiYNjmneHz/7hVpwQ==
  dependencies:
    "@solana/addresses" "4.0.0"
    "@solana/codecs-core" "4.0.0"
    "@solana/codecs-data-structures" "4.0.0"
    "@solana/codecs-numbers" "4.0.0"
    "@solana/errors" "4.0.0"
    "@solana/functional" "4.0.0"
    "@solana/instructions" "4.0.0"
    "@solana/nominal-types" "4.0.0"
    "@solana/rpc-types" "4.0.0"

"@solana/transactions@4.0.0":
  version "4.0.0"
  resolved "https://registry.yarnpkg.com/@solana/transactions/-/transactions-4.0.0.tgz#d037d7c7966c7aae110b6fa33efa780a211bb013"
  integrity sha512-bmHIIVTQq+Wlqg4es91Ew4KSbOrvdfPsKg/pVha8ZR77huwvfqQMxRyYF4zMQ+Fm3QXGFKOU0RPVKKYic15jBw==
  dependencies:
    "@solana/addresses" "4.0.0"
    "@solana/codecs-core" "4.0.0"
    "@solana/codecs-data-structures" "4.0.0"
    "@solana/codecs-numbers" "4.0.0"
    "@solana/codecs-strings" "4.0.0"
    "@solana/errors" "4.0.0"
    "@solana/functional" "4.0.0"
    "@solana/instructions" "4.0.0"
    "@solana/keys" "4.0.0"
    "@solana/nominal-types" "4.0.0"
    "@solana/rpc-types" "4.0.0"
    "@solana/transaction-messages" "4.0.0"

"@swc/helpers@0.5.23":
  version "0.5.23"
  resolved "https://registry.yarnpkg.com/@swc/helpers/-/helpers-0.5.23.tgz#19287d0d86d962b111376039a50c792902c9a86a"
  integrity sha512-5lSsMOTXURePglDfvuAQUqkGek9Hg2kksOYay2m0+XR++b2NWYL/4sWyuvVBIs8oKnJaxkdi9whaL/sqN13afw==
  dependencies:
    tslib "^2.8.0"

"@types/node@^22.13.10":
  version "22.20.2"
  resolved "https://registry.yarnpkg.com/@types/node/-/node-22.20.2.tgz#daae777b5f5965a587f50cc80d5364c2ddf27e36"
  integrity sha512-xlvWf4Vs9n1PEVYwP1n4vvG07M6y8WgvJ2t0vbrWTmijsIHp1cS+uJ2kMIRdY3nHZK0nCYKrPeD171+SzF4/zw==
  dependencies:
    undici-types "~6.21.0"

"@types/react-dom@^19.0.4":
  version "19.3.0"
  resolved "https://registry.yarnpkg.com/@types/react-dom/-/react-dom-19.3.0.tgz#90294a9266efd928a5266f2110d60d5dba5015d2"
  integrity sha512-ZI7bU42mZXXKHn/qNLEw2IrbiINU7X5+vfgdixBHkCNpYWXjKgfQ/P+uyGb5CjOLB9UcnTeg3rylQtV2hym44Q==

"@types/react@^19.0.10":
  version "19.3.0"
  resolved "https://registry.yarnpkg.com/@types/react/-/react-19.3.0.tgz#3b3ce8d8c1627fb5ccd4dadd57ef445c5a153b77"
  integrity sha512-N0rFCuH9YoxG9/m61l9MfpJKfmLOVU0em7ipIz6TRgSSkvReLB9vL85GB+yr8Bs5leqpvg96JSwF4ZS1s4viQg==
  dependencies:
    csstype "^3.2.2"

baseline-browser-mapping@^2.9.19:
  version "2.11.23"
  resolved "https://registry.yarnpkg.com/baseline-browser-mapping/-/baseline-browser-mapping-2.11.23.tgz#304c980a35de0f460cf12985359d6e11494c1ab4"
  integrity sha512-le521dGVfxM7yRX0EikCoSz+rOK+hHzdDt/E7mG1jOJB/6WAAUuwVroLwaB7ApaUsz5Q0kFlDXLSA9MheUIfRQ==

caniuse-lite@^1.0.30001579:
  version "1.0.30001810"
  resolved "https://registry.yarnpkg.com/caniuse-lite/-/caniuse-lite-1.0.30001810.tgz#4970b477dea3278374de9bc43aa8f5d39fc3cda2"
  integrity sha512-TITQPUkaz+aVk5GL6NhOdwk1aEaNTSDPsGFWrTuhKGtjTF70jL/Oht2W4c6rXUe5fu7Ie19VIahAXHIIiWWNeg==

chalk@5.6.2:
  version "5.6.2"
  resolved "https://registry.yarnpkg.com/chalk/-/chalk-5.6.2.tgz#b1238b6e23ea337af71c7f8a295db5af0c158aea"
  integrity sha512-7NzBL0rN6fMUW+f7A6Io4h40qQlG+xGmtMxfbnH/K7TAtt8JQWVQK+6g0UXKMeVJoyV5EkkNsErQ8pVD3bLHbA==

client-only@0.0.1:
  version "0.0.1"
  resolved "https://registry.yarnpkg.com/client-only/-/client-only-0.0.1.tgz#38bba5d403c41ab150bff64a95c85013cf73bca1"
  integrity sha512-IV3Ou0jSMzZrd3pZ48nLkT9DA7Ag1pnPzaiQhpW7c3RbcqqzvzzVu+L8gfqMp/8IM2MQtSiqaCxrrcfu8I8rMA==

commander@14.0.1:
  version "14.0.1"
  resolved "https://registry.yarnpkg.com/commander/-/commander-14.0.1.tgz#2f9225c19e6ebd0dc4404dd45821b2caa17ea09b"
  integrity sha512-2JkV3gUZUVrbNA+1sjBOYLsMZ5cEEl8GTFP2a4AVz5hvasAMCQ1D2l2le/cX+pV4N6ZU17zjUahLpIXRrnWL8A==

csstype@^3.2.2:
  version "3.2.3"
  resolved "https://registry.yarnpkg.com/csstype/-/csstype-3.2.3.tgz#ec48c0f3e993e50648c86da559e2610995cf989a"
  integrity sha512-z1HGKcYy2xA8AGQfwrn0PAy+PB7X/GSj3UVJW9qKyn43xWa+gl5nXmU4qqLMRzWVLFC8KusUX8T/0kCiOYpAIQ==

detect-libc@^2.1.2:
  version "2.1.2"
  resolved "https://registry.yarnpkg.com/detect-libc/-/detect-libc-2.1.2.tgz#689c5dcdc1900ef5583a4cb9f6d7b473742074ad"
  integrity sha512-Btj2BOOO83o3WyH59e8MgXsxEQVcarkUOpEYrubB0urwnN10yQ364rsiByU11nZlqWYZm05i/of7io4mzihBtQ==

fzstd@^0.1.1:
  version "0.1.1"
  resolved "https://registry.yarnpkg.com/fzstd/-/fzstd-0.1.1.tgz#a3da29f2fff45070ca90073f866d97e0c56a4a52"
  integrity sha512-dkuVSOKKwh3eas5VkJy1AW1vFpet8TA/fGmVA5krThl8YcOVE/8ZIoEA1+U1vEn5ckxxhLirSdY837azmbaNHA==

nanoid@^3.3.16:
  version "3.3.19"
  resolved "https://registry.yarnpkg.com/nanoid/-/nanoid-3.3.19.tgz#336d4aa4bcd4fb24d2cddede7ffeae40bec03f0a"
  integrity sha512-Y2tUNy4ouw6tq5oDSKeQYGOyhkUBhNOcGV/02KC+6kd9eDGqdZd++mjMiIDilrBYvjEnCYvVtsuHCuP+okSfug==

next@^16.1.6:
  version "16.3.5"
  resolved "https://registry.yarnpkg.com/next/-/next-16.3.5.tgz#4dd96eebb1d966d4d3946397442ccefc1322b479"
  integrity sha512-MdtsTgzyfCPRLC6uJ1mN8ao7lyJ4BB0U6Inhnx3gta1UcCIdHK3yxLG0E8OWQteWD8/Q0qb8A5o7wJaL8M9y2w==
  dependencies:
    "@next/env" "16.3.5"
    "@swc/helpers" "0.5.23"
    baseline-browser-mapping "^2.9.19"
    caniuse-lite "^1.0.30001579"
    postcss "8.5.23"
    styled-jsx "5.1.6"
  optionalDependencies:
    "@next/swc-darwin-arm64" "16.3.5"
    "@next/swc-darwin-x64" "16.3.5"
    "@next/swc-linux-arm64-gnu" "16.3.5"
    "@next/swc-linux-arm64-musl" "16.3.5"
    "@next/swc-linux-x64-gnu" "16.3.5"
    "@next/swc-linux-x64-musl" "16.3.5"
    "@next/swc-win32-arm64-msvc" "16.3.5"
    "@next/swc-win32-x64-msvc" "16.3.5"
    sharp "^0.35.4"

picocolors@^1.1.1:
  version "1.1.1"
  resolved "https://registry.yarnpkg.com/picocolors/-/picocolors-1.1.1.tgz#3d321af3eab939b083c8f929a1d12cda81c26b6b"
  integrity sha512-xceH2snhtb5M9liqDsmEw56le376mTZkEX/jEb/RxNFyegNul7eNslCXP9FDj/Lcu0X8KEyMceP2ntpaHrDEVA==

postcss@8.5.23:
  version "8.5.23"
  resolved "https://registry.yarnpkg.com/postcss/-/postcss-8.5.23.tgz#3493550116f478487298301d2c2e8dc5a56e6594"
  integrity sha512-g50586zr4bZmwFiTlflMu8E0bDTb5I5gertgwAKmsdUlTQIhZtunzUlD1WSzwcVWPoAVpsrA6vlfCD7oXvRwgg==
  dependencies:
    nanoid "^3.3.16"
    picocolors "^1.1.1"
    source-map-js "^1.2.1"

react-dom@^19.2.4:
  version "19.3.0"
  resolved "https://registry.yarnpkg.com/react-dom/-/react-dom-19.3.0.tgz#a0ff19161d7f4e9be5469a07278b0c06e00f9001"
  integrity sha512-JDk8dgif51OjFoDE70+OT9ICyYr+69HlmihNwp1+Nsfbna3t5sIiCa9ZJktDmQ4/1b/rn26hIAR2uYXDMr5r0Q==
  dependencies:
    scheduler "^0.28.0"

react@^19.2.4:
  version "19.3.0"
  resolved "https://registry.yarnpkg.com/react/-/react-19.3.0.tgz#e20aa3a14687075ce863351b5878b0608c3fbfb2"
  integrity sha512-E8LUcbtBWt20bbl2YoHfx4ZDBdxVTfOKtCZn9cDSJ4l6/nuoApcpIBcj47t2wZoVX8g2ZHuMHbiShgCR1T5Sog==

scheduler@^0.28.0:
  version "0.28.0"
  resolved "https://registry.yarnpkg.com/scheduler/-/scheduler-0.28.0.tgz#03d3ca348aeaf8b7502f64468f217b27523f9695"
  integrity sha512-juorfCmIkIw8tT+p5BXSm6PJjQF/ycEYmKyzURCIt/RaZIhL+PulbQ9Yu2z1HdOJDdqDTlxA1+xKBmHXJsczAw==

semver@^7.8.5:
  version "7.8.5"
  resolved "https://registry.yarnpkg.com/semver/-/semver-7.8.5.tgz#39b646037dd50c14fb451e7e4cac58ed8b863f69"
  integrity sha512-Y7/KDsb8LjooZpwaqGyulO6DQlksgCncchHGk+sZIY4SBvUocMBEFH5Ur1fI4dV+Jvl0w6cjvucaIi40puRioA==

sharp@^0.35.4:
  version "0.35.4"
  resolved "https://registry.yarnpkg.com/sharp/-/sharp-0.35.4.tgz#361df3b2959daeb380541289960456c6be0f92de"
  integrity sha512-n++8XWcj+jCOr2IOl7h8LbKnGBDY4aPbmprMONBNFdn0ImXqpGVv5zliDs0V9HbmbCQLpbuo2ej9rAoOQTvMDA==
  dependencies:
    "@img/colour" "^1.1.0"
    detect-libc "^2.1.2"
    semver "^7.8.5"
  optionalDependencies:
    "@img/sharp-darwin-arm64" "0.35.4"
    "@img/sharp-darwin-x64" "0.35.4"
    "@img/sharp-freebsd-wasm32" "0.35.4"
    "@img/sharp-libvips-darwin-arm64" "1.3.3"
    "@img/sharp-libvips-darwin-x64" "1.3.3"
    "@img/sharp-libvips-linux-arm" "1.3.3"
    "@img/sharp-libvips-linux-arm64" "1.3.3"
    "@img/sharp-libvips-linux-ppc64" "1.3.3"
    "@img/sharp-libvips-linux-riscv64" "1.3.3"
    "@img/sharp-libvips-linux-s390x" "1.3.3"
    "@img/sharp-libvips-linux-x64" "1.3.3"
    "@img/sharp-libvips-linuxmusl-arm64" "1.3.3"
    "@img/sharp-libvips-linuxmusl-x64" "1.3.3"
    "@img/sharp-linux-arm" "0.35.4"
    "@img/sharp-linux-arm64" "0.35.4"
    "@img/sharp-linux-ppc64" "0.35.4"
    "@img/sharp-linux-riscv64" "0.35.4"
    "@img/sharp-linux-s390x" "0.35.4"
    "@img/sharp-linux-x64" "0.35.4"
    "@img/sharp-linuxmusl-arm64" "0.35.4"
    "@img/sharp-linuxmusl-x64" "0.35.4"
    "@img/sharp-webcontainers-wasm32" "0.35.4"
    "@img/sharp-win32-arm64" "0.35.4"
    "@img/sharp-win32-ia32" "0.35.4"
    "@img/sharp-win32-x64" "0.35.4"

source-map-js@^1.2.1:
  version "1.2.1"
  resolved "https://registry.yarnpkg.com/source-map-js/-/source-map-js-1.2.1.tgz#1ce5650fddd87abc099eda37dcff024c2667ae46"
  integrity sha512-UXWMKhLOwVKb728IUtQPXxfYU+usdybtUrK/8uGE8CQMvrhOpwvzDBwj0QhSL7MQc7vIsISBG8VQ8+IDQxpfQA==

styled-jsx@5.1.6:
  version "5.1.6"
  resolved "https://registry.yarnpkg.com/styled-jsx/-/styled-jsx-5.1.6.tgz#83b90c077e6c6a80f7f5e8781d0f311b2fe41499"
  integrity sha512-qSVyDTeMotdvQYoHWLNGwRFJHC+i+ZvdBRYosOFgC+Wg1vx4frN2/RG/NA7SYqqvKNLf39P2LSRA2pu6n0XYZA==
  dependencies:
    client-only "0.0.1"

tslib@^2.4.0, tslib@^2.8.0:
  version "2.8.1"
  resolved "https://registry.yarnpkg.com/tslib/-/tslib-2.8.1.tgz#612efe4ed235d567e8aba5f2a5fab70280ade83f"
  integrity sha512-oJFu94HQb+KVduSUQL7wnpmqnfmLsOA/nAh6b6EH0wCEoK0/mPeXU6c3wKDV83MkOuHPRHtSXKKU99IBazS/2w==

typescript@^5.8.3:
  version "5.9.3"
  resolved "https://registry.yarnpkg.com/typescript/-/typescript-5.9.3.tgz#5b4f59e15310ab17a216f5d6cf53ee476ede670f"
  integrity sha512-jl1vZzPDinLr9eUt3J/t7V6FgNEw9QjvBPdysz9KfQDD41fQrC2Y4vKQdiaUpFT4bXlb1RHhLpp8wtm6M5TgSw==

undici-types@^7.16.0:
  version "7.29.1"
  resolved "https://registry.yarnpkg.com/undici-types/-/undici-types-7.29.1.tgz#bdcf6bc30ec02e194daa8b3ae4f296988a73763b"
  integrity sha512-2xO3p6gANwOmhSFwNy2MMYISbHTtM+K3bY0bqpD1gOGpUPIe+yFXCobxbz0s2jm7E0faMxIFcZUcCKa+N6Ozlg==

undici-types@~6.21.0:
  version "6.21.0"
  resolved "https://registry.yarnpkg.com/undici-types/-/undici-types-6.21.0.tgz#691d00af3909be93a7faa13be61b3a5b50ef12cb"
  integrity sha512-iwDZqg0QAGrg9Rav5H4n0M64c3mkR59cJ6wQp+7C4nI0gsmExaedaYLNO44eT4AtBBwjbTiGPMlt2Md0T9H9JQ==

ws@^8.18.0:
  version "8.21.3"
  resolved "https://registry.yarnpkg.com/ws/-/ws-8.21.3.tgz#660b4faddb6a3e575c86e078126919961f4de4fc"
  integrity sha512-201TZ/kPWxoPr/OKWjquZR1SWKXcvxdH+e1xrx89b3YbmzLMFCLfnaG1HFIgWzJOEWZ7MvpK++odZufgYR50Rw==

xstate@^5.28.0:
  version "5.33.0"
  resolved "https://registry.yarnpkg.com/xstate/-/xstate-5.33.0.tgz#2ae90d9a09e994d55ae5362325d8a3276b4f4f1c"
  integrity sha512-C58ZnDXlP5WNiiGVMxHTlKpUBtC46HN+H4o2po9Lvglt2pmPzqaqunXRmrvU4NIDvMbjVvaqqL4pGbgFSiYhgw==

zod@4.4.3:
  version "4.4.3"
  resolved "https://registry.yarnpkg.com/zod/-/zod-4.4.3.tgz#b680f172885d18bbebf21a834ea25e55a1bbf356"
  integrity sha512-ytENFjIJFl2UwYglde2jchW2Hwm4GJFLDiSXWdTrJQBIN9Fcyp7n4DhxJEiWNAJMV1/BqWfW/kkg71UDcHJyTQ==

zustand@^5.0.12:
  version "5.0.15"
  resolved "https://registry.yarnpkg.com/zustand/-/zustand-5.0.15.tgz#42bddf35647cb80a818a8943a69f6618c126fcfe"
  integrity sha512-MpSEjRiBkA9crSYeOUH32rJC7SVqAbm0Fqcqge/bUi2PPoLcBWKOsG+C8mevmpr8TwXHBVkChbbJiyvkE+i/3A==
